// !$*UTF8*$!
{
	archiveVersion = 1;
	classes = {
	};
	objectVersion = 46;
	objects = {

/* Begin PBXBuildFile section */
		984AFACFEFD25F48C35DA62F /* libPods-ToDoListTests.a in Frameworks */ = {isa = PBXBuildFile; fileRef = BA2F6F19BB0733DB4377F5C0 /* libPods-ToDoListTests.a */; };
		A6FB43E468172D5268BFE211 /* libPods-ToDoList.a in Frameworks */ = {isa = PBXBuildFile; fileRef = 3014E85F10B3F3EF8FC54C7F /* libPods-ToDoList.a */; };
		B1A26A2D482A71DB190325DA /* libPods-ToDoListUITests.a in Frameworks */ = {isa = PBXBuildFile; fileRef = F47C7E7738C5D11F8C745477 /* libPods-ToDoListUITests.a */; };
		E92958FB215DDC4A00A977C7 /* LoginViewController.m in Sources */ = {isa = PBXBuildFile; fileRef = E92958FA215DDC4A00A977C7 /* LoginViewController.m */; };
		E92958FE215DE06B00A977C7 /* SignupViewController.m in Sources */ = {isa = PBXBuildFile; fileRef = E92958FD215DE06B00A977C7 /* SignupViewController.m */; };
		E96C6AC5215DD44800655C29 /* GoogleService-Info.plist in Resources */ = {isa = PBXBuildFile; fileRef = E96C6AC4215DD44800655C29 /* GoogleService-Info.plist */; };
		E96C6AC7215DD44E00655C29 /* GoogleService-Info.plist in Resources */ = {isa = PBXBuildFile; fileRef = E96C6AC6215DD44E00655C29 /* GoogleService-Info.plist */; };
		E9F7572321313231006B10B4 /* main.m in Sources */ = {isa = PBXBuildFile; fileRef = E9F7572221313231006B10B4 /* main.m */; };
		E9F7572621313231006B10B4 /* AppDelegate.m in Sources */ = {isa = PBXBuildFile; fileRef = E9F7572521313231006B10B4 /* AppDelegate.m */; };
		E9F7572921313231006B10B4 /* ViewController.m in Sources */ = {isa = PBXBuildFile; fileRef = E9F7572821313231006B10B4 /* ViewController.m */; };
		E9F7572C21313231006B10B4 /* Main.storyboard in Resources */ = {isa = PBXBuildFile; fileRef = E9F7572A21313231006B10B4 /* Main.storyboard */; };
		E9F7572E21313231006B10B4 /* Assets.xcassets in Resources */ = {isa = PBXBuildFile; fileRef = E9F7572D21313231006B10B4 /* Assets.xcassets */; };
		E9F7573121313231006B10B4 /* LaunchScreen.storyboard in Resources */ = {isa = PBXBuildFile; fileRef = E9F7572F21313231006B10B4 /* LaunchScreen.storyboard */; };
		E9F7573C21313231006B10B4 /* ToDoListTests.m in Sources */ = {isa = PBXBuildFile; fileRef = E9F7573B21313231006B10B4 /* ToDoListTests.m */; };
		E9F7574721313231006B10B4 /* ToDoListUITests.m in Sources */ = {isa = PBXBuildFile; fileRef = E9F7574621313231006B10B4 /* ToDoListUITests.m */; };
/* End PBXBuildFile section */

/* Begin PBXContainerItemProxy section */
		E9F7573821313231006B10B4 /* PBXContainerItemProxy */ = {
			isa = PBXContainerItemProxy;
			containerPortal = E9F7571621313231006B10B4 /* Project object */;
			proxyType = 1;
			remoteGlobalIDString = E9F7571D21313231006B10B4;
			remoteInfo = ToDoList;
		};
		E9F7574321313231006B10B4 /* PBXContainerItemProxy */ = {
			isa = PBXContainerItemProxy;
			containerPortal = E9F7571621313231006B10B4 /* Project object */;
			proxyType = 1;
			remoteGlobalIDString = E9F7571D21313231006B10B4;
			remoteInfo = ToDoList;
		};
/* End PBXContainerItemProxy section */

/* Begin PBXFileReference section */
		154E08F726C9548F7A11F3D9 /* Pods-ToDoListUITests.debug.xcconfig */ = {isa = PBXFileReference; includeInIndex = 1; lastKnownFileType = text.xcconfig; name = "Pods-ToDoListUITests.debug.xcconfig"; path = "Pods/Target Support Files/Pods-ToDoListUITests/Pods-ToDoListUITests.debug.xcconfig"; sourceTree = "<group>"; };
		3014E85F10B3F3EF8FC54C7F /* libPods-ToDoList.a */ = {isa = PBXFileReference; explicitFileType = archive.ar; includeInIndex = 0; path = "libPods-ToDoList.a"; sourceTree = BUILT_PRODUCTS_DIR; };
		76FC0F0ED6BE142298981D6D /* Pods-ToDoListUITests.release.xcconfig */ = {isa = PBXFileReference; includeInIndex = 1; lastKnownFileType = text.xcconfig; name = "Pods-ToDoListUITests.release.xcconfig"; path = "Pods/Target Support Files/Pods-ToDoListUITests/Pods-ToDoListUITests.release.xcconfig"; sourceTree = "<group>"; };
		7B16944BDC542898E55FD769 /* Pods-ToDoList.release.xcconfig */ = {isa = PBXFileReference; includeInIndex = 1; lastKnownFileType = text.xcconfig; name = "Pods-ToDoList.release.xcconfig"; path = "Pods/Target Support Files/Pods-ToDoList/Pods-ToDoList.release.xcconfig"; sourceTree = "<group>"; };
		8474027A07469CEA83490A97 /* Pods-ToDoListTests.release.xcconfig */ = {isa = PBXFileReference; includeInIndex = 1; lastKnownFileType = text.xcconfig; name = "Pods-ToDoListTests.release.xcconfig"; path = "Pods/Target Support Files/Pods-ToDoListTests/Pods-ToDoListTests.release.xcconfig"; sourceTree = "<group>"; };
		BA2F6F19BB0733DB4377F5C0 /* libPods-ToDoListTests.a */ = {isa = PBXFileReference; explicitFileType = archive.ar; includeInIndex = 0; path = "libPods-ToDoListTests.a"; sourceTree = BUILT_PRODUCTS_DIR; };
		C207574D6A39D1FDAA5F5442 /* Pods-ToDoListTests.debug.xcconfig */ = {isa = PBXFileReference; includeInIndex = 1; lastKnownFileType = text.xcconfig; name = "Pods-ToDoListTests.debug.xcconfig"; path = "Pods/Target Support Files/Pods-ToDoListTests/Pods-ToDoListTests.debug.xcconfig"; sourceTree = "<group>"; };
		E838FF2179DBC6E5E5FF523B /* Pods-ToDoList.debug.xcconfig */ = {isa = PBXFileReference; includeInIndex = 1; lastKnownFileType = text.xcconfig; name = "Pods-ToDoList.debug.xcconfig"; path = "Pods/Target Support Files/Pods-ToDoList/Pods-ToDoList.debug.xcconfig"; sourceTree = "<group>"; };
		E92958F9215DDC4A00A977C7 /* LoginViewController.h */ = {isa = PBXFileReference; fileEncoding = 4; lastKnownFileType = sourcecode.c.h; path = LoginViewController.h; sourceTree = "<group>"; };
		E92958FA215DDC4A00A977C7 /* LoginViewController.m */ = {isa = PBXFileReference; fileEncoding = 4; lastKnownFileType = sourcecode.c.objc; path = LoginViewController.m; sourceTree = "<group>"; };
		E92958FC215DE06B00A977C7 /* SignupViewController.h */ = {isa = PBXFileReference; fileEncoding = 4; lastKnownFileType = sourcecode.c.h; path = SignupViewController.h; sourceTree = "<group>"; };
		E92958FD215DE06B00A977C7 /* SignupViewController.m */ = {isa = PBXFileReference; fileEncoding = 4; lastKnownFileType = sourcecode.c.objc; path = SignupViewController.m; sourceTree = "<group>"; };
		E96C6AC4215DD44800655C29 /* GoogleService-Info.plist */ = {isa = PBXFileReference; fileEncoding = 4; lastKnownFileType = text.plist.xml; path = "GoogleService-Info.plist"; sourceTree = "<group>"; };
		E96C6AC6215DD44E00655C29 /* GoogleService-Info.plist */ = {isa = PBXFileReference; fileEncoding = 4; lastKnownFileType = text.plist.xml; path = "GoogleService-Info.plist"; sourceTree = "<group>"; };
		E9F7571E21313231006B10B4 /* ToDoList.app */ = {isa = PBXFileReference; explicitFileType = wrapper.application; includeInIndex = 0; path = ToDoList.app; sourceTree = BUILT_PRODUCTS_DIR; };
		E9F7572221313231006B10B4 /* main.m */ = {isa = PBXFileReference; lastKnownFileType = sourcecode.c.objc; path = main.m; sourceTree = "<group>"; };
		E9F7572421313231006B10B4 /* AppDelegate.h */ = {isa = PBXFileReference; lastKnownFileType = sourcecode.c.h; path = AppDelegate.h; sourceTree = "<group>"; };
		E9F7572521313231006B10B4 /* AppDelegate.m */ = {isa = PBXFileReference; lastKnownFileType = sourcecode.c.objc; path = AppDelegate.m; sourceTree = "<group>"; };
		E9F7572721313231006B10B4 /* ViewController.h */ = {isa = PBXFileReference; lastKnownFileType = sourcecode.c.h; path = ViewController.h; sourceTree = "<group>"; };
		E9F7572821313231006B10B4 /* ViewController.m */ = {isa = PBXFileReference; lastKnownFileType = sourcecode.c.objc; path = ViewController.m; sourceTree = "<group>"; };
		E9F7572B21313231006B10B4 /* Base */ = {isa = PBXFileReference; lastKnownFileType = file.storyboard; name = Base; path = Base.lproj/Main.storyboard; sourceTree = "<group>"; };
		E9F7572D21313231006B10B4 /* Assets.xcassets */ = {isa = PBXFileReference; lastKnownFileType = folder.assetcatalog; path = Assets.xcassets; sourceTree = "<group>"; };
		E9F7573021313231006B10B4 /* Base */ = {isa = PBXFileReference; lastKnownFileType = file.storyboard; name = Base; path = Base.lproj/LaunchScreen.storyboard; sourceTree = "<group>"; };
		E9F7573221313231006B10B4 /* Info.plist */ = {isa = PBXFileReference; lastKnownFileType = text.plist.xml; path = Info.plist; sourceTree = "<group>"; };
		E9F7573721313231006B10B4 /* ToDoListTests.xctest */ = {isa = PBXFileReference; explicitFileType = wrapper.cfbundle; includeInIndex = 0; path = ToDoListTests.xctest; sourceTree = BUILT_PRODUCTS_DIR; };
		E9F7573B21313231006B10B4 /* ToDoListTests.m */ = {isa = PBXFileReference; lastKnownFileType = sourcecode.c.objc; path = ToDoListTests.m; sourceTree = "<group>"; };
		E9F7573D21313231006B10B4 /* Info.plist */ = {isa = PBXFileReference; lastKnownFileType = text.plist.xml; path = Info.plist; sourceTree = "<group>"; };
		E9F7574221313231006B10B4 /* ToDoListUITests.xctest */ = {isa = PBXFileReference; explicitFileType = wrapper.cfbundle; includeInIndex = 0; path = ToDoListUITests.xctest; sourceTree = BUILT_PRODUCTS_DIR; };
		E9F7574621313231006B10B4 /* ToDoListUITests.m */ = {isa = PBXFileReference; lastKnownFileType = sourcecode.c.objc; path = ToDoListUITests.m; sourceTree = "<group>"; };
		E9F7574821313231006B10B4 /* Info.plist */ = {isa = PBXFileReference; lastKnownFileType = text.plist.xml; path = Info.plist; sourceTree = "<group>"; };
		F47C7E7738C5D11F8C745477 /* libPods-ToDoListUITests.a */ = {isa = PBXFileReference; explicitFileType = archive.ar; includeInIndex = 0; path = "libPods-ToDoListUITests.a"; sourceTree = BUILT_PRODUCTS_DIR; };
/* End PBXFileReference section */

/* Begin PBXFrameworksBuildPhase section */
		E9F7571B21313231006B10B4 /* Frameworks */ = {
			isa = PBXFrameworksBuildPhase;
			buildActionMask = 2147483647;
			files = (
				A6FB43E468172D5268BFE211 /* libPods-ToDoList.a in Frameworks */,
			);
			runOnlyForDeploymentPostprocessing = 0;
		};
		E9F7573421313231006B10B4 /* Frameworks */ = {
			isa = PBXFrameworksBuildPhase;
			buildActionMask = 2147483647;
			files = (
				984AFACFEFD25F48C35DA62F /* libPods-ToDoListTests.a in Frameworks */,
			);
			runOnlyForDeploymentPostprocessing = 0;
		};
		E9F7573F21313231006B10B4 /* Frameworks */ = {
			isa = PBXFrameworksBuildPhase;
			buildActionMask = 2147483647;
			files = (
				B1A26A2D482A71DB190325DA /* libPods-ToDoListUITests.a in Frameworks */,
			);
			runOnlyForDeploymentPostprocessing = 0;
		};
/* End PBXFrameworksBuildPhase section */

/* Begin PBXGroup section */
		CDBAFB743C19430EC114F15F /* Frameworks */ = {
			isa = PBXGroup;
			children = (
				3014E85F10B3F3EF8FC54C7F /* libPods-ToDoList.a */,
				BA2F6F19BB0733DB4377F5C0 /* libPods-ToDoListTests.a */,
				F47C7E7738C5D11F8C745477 /* libPods-ToDoListUITests.a */,
			);
			name = Frameworks;
			sourceTree = "<group>";
		};
		E9F7571521313231006B10B4 = {
			isa = PBXGroup;
			children = (
				E96C6AC6215DD44E00655C29 /* GoogleService-Info.plist */,
				E9F7572021313231006B10B4 /* ToDoList */,
				E9F7573A21313231006B10B4 /* ToDoListTests */,
				E9F7574521313231006B10B4 /* ToDoListUITests */,
				E9F7571F21313231006B10B4 /* Products */,
				F79B50CCACFA70D8FA7D1E46 /* Pods */,
				CDBAFB743C19430EC114F15F /* Frameworks */,
			);
			sourceTree = "<group>";
		};
		E9F7571F21313231006B10B4 /* Products */ = {
			isa = PBXGroup;
			children = (
				E9F7571E21313231006B10B4 /* ToDoList.app */,
				E9F7573721313231006B10B4 /* ToDoListTests.xctest */,
				E9F7574221313231006B10B4 /* ToDoListUITests.xctest */,
			);
			name = Products;
			sourceTree = "<group>";
		};
		E9F7572021313231006B10B4 /* ToDoList */ = {
			isa = PBXGroup;
			children = (
				E96C6AC4215DD44800655C29 /* GoogleService-Info.plist */,
				E9F7572421313231006B10B4 /* AppDelegate.h */,
				E9F7572521313231006B10B4 /* AppDelegate.m */,
				E9F7572721313231006B10B4 /* ViewController.h */,
				E9F7572821313231006B10B4 /* ViewController.m */,
				E9F7572A21313231006B10B4 /* Main.storyboard */,
				E9F7572D21313231006B10B4 /* Assets.xcassets */,
				E9F7572F21313231006B10B4 /* LaunchScreen.storyboard */,
				E9F7573221313231006B10B4 /* Info.plist */,
				E9F7572121313231006B10B4 /* Supporting Files */,
				E92958F9215DDC4A00A977C7 /* LoginViewController.h */,
				E92958FA215DDC4A00A977C7 /* LoginViewController.m */,
				E92958FC215DE06B00A977C7 /* SignupViewController.h */,
				E92958FD215DE06B00A977C7 /* SignupViewController.m */,
			);
			path = ToDoList;
			sourceTree = "<group>";
		};
		E9F7572121313231006B10B4 /* Supporting Files */ = {
			isa = PBXGroup;
			children = (
				E9F7572221313231006B10B4 /* main.m */,
			);
			name = "Supporting Files";
			sourceTree = "<group>";
		};
		E9F7573A21313231006B10B4 /* ToDoListTests */ = {
			isa = PBXGroup;
			children = (
				E9F7573B21313231006B10B4 /* ToDoListTests.m */,
				E9F7573D21313231006B10B4 /* Info.plist */,
			);
			path = ToDoListTests;
			sourceTree = "<group>";
		};
		E9F7574521313231006B10B4 /* ToDoListUITests */ = {
			isa = PBXGroup;
			children = (
				E9F7574621313231006B10B4 /* ToDoListUITests.m */,
				E9F7574821313231006B10B4 /* Info.plist */,
			);
			path = ToDoListUITests;
			sourceTree = "<group>";
		};
		F79B50CCACFA70D8FA7D1E46 /* Pods */ = {
			isa = PBXGroup;
			children = (
				E838FF2179DBC6E5E5FF523B /* Pods-ToDoList.debug.xcconfig */,
				7B16944BDC542898E55FD769 /* Pods-ToDoList.release.xcconfig */,
				C207574D6A39D1FDAA5F5442 /* Pods-ToDoListTests.debug.xcconfig */,
				8474027A07469CEA83490A97 /* Pods-ToDoListTests.release.xcconfig */,
				154E08F726C9548F7A11F3D9 /* Pods-ToDoListUITests.debug.xcconfig */,
				76FC0F0ED6BE142298981D6D /* Pods-ToDoListUITests.release.xcconfig */,
			);
			name = Pods;
			sourceTree = "<group>";
		};
/* End PBXGroup section */

/* Begin PBXNativeTarget section */
		E9F7571D21313231006B10B4 /* ToDoList */ = {
			isa = PBXNativeTarget;
			buildConfigurationList = E9F7574B21313231006B10B4 /* Build configuration list for PBXNativeTarget "ToDoList" */;
			buildPhases = (
				E32A70C63C53224D4E4AABAE /* [CP] Check Pods Manifest.lock */,
				E9F7571A21313231006B10B4 /* Sources */,
				E9F7571B21313231006B10B4 /* Frameworks */,
				E9F7571C21313231006B10B4 /* Resources */,
			);
			buildRules = (
			);
			dependencies = (
			);
			name = ToDoList;
			productName = ToDoList;
			productReference = E9F7571E21313231006B10B4 /* ToDoList.app */;
			productType = "com.apple.product-type.application";
		};
		E9F7573621313231006B10B4 /* ToDoListTests */ = {
			isa = PBXNativeTarget;
			buildConfigurationList = E9F7574E21313231006B10B4 /* Build configuration list for PBXNativeTarget "ToDoListTests" */;
			buildPhases = (
				B047D995E3C59A088BD50373 /* [CP] Check Pods Manifest.lock */,
				E9F7573321313231006B10B4 /* Sources */,
				E9F7573421313231006B10B4 /* Frameworks */,
				E9F7573521313231006B10B4 /* Resources */,
			);
			buildRules = (
			);
			dependencies = (
				E9F7573921313231006B10B4 /* PBXTargetDependency */,
			);
			name = ToDoListTests;
			productName = ToDoListTests;
			productReference = E9F7573721313231006B10B4 /* ToDoListTests.xctest */;
			productType = "com.apple.product-type.bundle.unit-test";
		};
		E9F7574121313231006B10B4 /* ToDoListUITests */ = {
			isa = PBXNativeTarget;
			buildConfigurationList = E9F7575121313231006B10B4 /* Build configuration list for PBXNativeTarget "ToDoListUITests" */;
			buildPhases = (
				0EA41A957B07DF26DFEE3809 /* [CP] Check Pods Manifest.lock */,
				E9F7573E21313231006B10B4 /* Sources */,
				E9F7573F21313231006B10B4 /* Frameworks */,
				E9F7574021313231006B10B4 /* Resources */,
			);
			buildRules = (
			);
			dependencies = (
				E9F7574421313231006B10B4 /* PBXTargetDependency */,
			);
			name = ToDoListUITests;
			productName = ToDoListUITests;
			productReference = E9F7574221313231006B10B4 /* ToDoListUITests.xctest */;
			productType = "com.apple.product-type.bundle.ui-testing";
		};
/* End PBXNativeTarget section */

/* Begin PBXProject section */
		E9F7571621313231006B10B4 /* Project object */ = {
			isa = PBXProject;
			attributes = {
				LastUpgradeCheck = 0830;
				ORGANIZATIONNAME = "Khiet Ly";
				TargetAttributes = {
					E9F7571D21313231006B10B4 = {
						CreatedOnToolsVersion = 8.3.3;
						DevelopmentTeam = WJF23T289X;
						ProvisioningStyle = Automatic;
					};
					E9F7573621313231006B10B4 = {
						CreatedOnToolsVersion = 8.3.3;
						DevelopmentTeam = WJF23T289X;
						ProvisioningStyle = Automatic;
						TestTargetID = E9F7571D21313231006B10B4;
					};
					E9F7574121313231006B10B4 = {
						CreatedOnToolsVersion = 8.3.3;
						DevelopmentTeam = WJF23T289X;
						ProvisioningStyle = Automatic;
						TestTargetID = E9F7571D21313231006B10B4;
					};
				};
			};
			buildConfigurationList = E9F7571921313231006B10B4 /* Build configuration list for PBXProject "ToDoList" */;
			compatibilityVersion = "Xcode 3.2";
			developmentRegion = English;
			hasScannedForEncodings = 0;
			knownRegions = (
				en,
				Base,
			);
			mainGroup = E9F7571521313231006B10B4;
			productRefGroup = E9F7571F21313231006B10B4 /* Products */;
			projectDirPath = "";
			projectRoot = "";
			targets = (
				E9F7571D21313231006B10B4 /* ToDoList */,
				E9F7573621313231006B10B4 /* ToDoListTests */,
				E9F7574121313231006B10B4 /* ToDoListUITests */,
			);
		};
/* End PBXProject section */

/* Begin PBXResourcesBuildPhase section */
		E9F7571C21313231006B10B4 /* Resources */ = {
			isa = PBXResourcesBuildPhase;
			buildActionMask = 2147483647;
			files = (
				E9F7573121313231006B10B4 /* LaunchScreen.storyboard in Resources */,
				E96C6AC5215DD44800655C29 /* GoogleService-Info.plist in Resources */,
				E96C6AC7215DD44E00655C29 /* GoogleService-Info.plist in Resources */,
				E9F7572E21313231006B10B4 /* Assets.xcassets in Resources */,
				E9F7572C21313231006B10B4 /* Main.storyboard in Resources */,
			);
			runOnlyForDeploymentPostprocessing = 0;
		};
		E9F7573521313231006B10B4 /* Resources */ = {
			isa = PBXResourcesBuildPhase;
			buildActionMask = 2147483647;
			files = (
			);
			runOnlyForDeploymentPostprocessing = 0;
		};
		E9F7574021313231006B10B4 /* Resources */ = {
			isa = PBXResourcesBuildPhase;
			buildActionMask = 2147483647;
			files = (
			);
			runOnlyForDeploymentPostprocessing = 0;
		};
/* End PBXResourcesBuildPhase section */

/* Begin PBXShellScriptBuildPhase section */
		0EA41A957B07DF26DFEE3809 /* [CP] Check Pods Manifest.lock */ = {
			isa = PBXShellScriptBuildPhase;
			buildActionMask = 2147483647;
			files = (
			);
			inputPaths = (
				"${PODS_PODFILE_DIR_PATH}/Podfile.lock",
				"${PODS_ROOT}/Manifest.lock",
			);
			name = "[CP] Check Pods Manifest.lock";
			outputPaths = (
				"$(DERIVED_FILE_DIR)/Pods-ToDoListUITests-checkManifestLockResult.txt",
			);
			runOnlyForDeploymentPostprocessing = 0;
			shellPath = /bin/sh;
			shellScript = "diff \"${PODS_PODFILE_DIR_PATH}/Podfile.lock\" \"${PODS_ROOT}/Manifest.lock\" > /dev/null\nif [ $? != 0 ] ; then\n    # print error to STDERR\n    echo \"error: The sandbox is not in sync with the Podfile.lock. Run 'pod install' or update your CocoaPods installation.\" >&2\n    exit 1\nfi\n# This output is used by Xcode 'outputs' to avoid re-running this script phase.\necho \"SUCCESS\" > \"${SCRIPT_OUTPUT_FILE_0}\"\n";
			showEnvVarsInLog = 0;
		};
		B047D995E3C59A088BD50373 /* [CP] Check Pods Manifest.lock */ = {
			isa = PBXShellScriptBuildPhase;
			buildActionMask = 2147483647;
			files = (
			);
			inputPaths = (
				"${PODS_PODFILE_DIR_PATH}/Podfile.lock",
				"${PODS_ROOT}/Manifest.lock",
			);
			name = "[CP] Check Pods Manifest.lock";
			outputPaths = (
				"$(DERIVED_FILE_DIR)/Pods-ToDoListTests-checkManifestLockResult.txt",
			);
			runOnlyForDeploymentPostprocessing = 0;
			shellPath = /bin/sh;
			shellScript = "diff \"${PODS_PODFILE_DIR_PATH}/Podfile.lock\" \"${PODS_ROOT}/Manifest.lock\" > /dev/null\nif [ $? != 0 ] ; then\n    # print error to STDERR\n    echo \"error: The sandbox is not in sync with the Podfile.lock. Run 'pod install' or update your CocoaPods installation.\" >&2\n    exit 1\nfi\n# This output is used by Xcode 'outputs' to avoid re-running this script phase.\necho \"SUCCESS\" > \"${SCRIPT_OUTPUT_FILE_0}\"\n";
			showEnvVarsInLog = 0;
		};
		E32A70C63C53224D4E4AABAE /* [CP] Check Pods Manifest.lock */ = {
			isa = PBXShellScriptBuildPhase;
			buildActionMask = 2147483647;
			files = (
			);
			inputPaths = (
				"${PODS_PODFILE_DIR_PATH}/Podfile.lock",
				"${PODS_ROOT}/Manifest.lock",
			);
			name = "[CP] Check Pods Manifest.lock";
			outputPaths = (
				"$(DERIVED_FILE_DIR)/Pods-ToDoList-checkManifestLockResult.txt",
			);
			runOnlyForDeploymentPostprocessing = 0;
			shellPath = /bin/sh;
			shellScript = "diff \"${PODS_PODFILE_DIR_PATH}/Podfile.lock\" \"${PODS_ROOT}/Manifest.lock\" > /dev/null\nif [ $? != 0 ] ; then\n    # print error to STDERR\n    echo \"error: The sandbox is not in sync with the Podfile.lock. Run 'pod install' or update your CocoaPods installation.\" >&2\n    exit 1\nfi\n# This output is used by Xcode 'outputs' to avoid re-running this script phase.\necho \"SUCCESS\" > \"${SCRIPT_OUTPUT_FILE_0}\"\n";
			showEnvVarsInLog = 0;
		};
/* End PBXShellScriptBuildPhase section */

/* Begin PBXSourcesBuildPhase section */
		E9F7571A21313231006B10B4 /* Sources */ = {
			isa = PBXSourcesBuildPhase;
			buildActionMask = 2147483647;
			files = (
				E92958FB215DDC4A00A977C7 /* LoginViewController.m in Sources */,
				E9F7572921313231006B10B4 /* ViewController.m in Sources */,
				E9F7572621313231006B10B4 /* AppDelegate.m in Sources */,
				E9F7572321313231006B10B4 /* main.m in Sources */,
				E92958FE215DE06B00A977C7 /* SignupViewController.m in Sources */,
			);
			runOnlyForDeploymentPostprocessing = 0;
		};
		E9F7573321313231006B10B4 /* Sources */ = {
			isa = PBXSourcesBuildPhase;
			buildActionMask = 2147483647;
			files = (
				E9F7573C21313231006B10B4 /* ToDoListTests.m in Sources */,
			);
			runOnlyForDeploymentPostprocessing = 0;
		};
		E9F7573E21313231006B10B4 /* Sources */ = {
			isa = PBXSourcesBuildPhase;
			buildActionMask = 2147483647;
			files = (
				E9F7574721313231006B10B4 /* ToDoListUITests.m in Sources */,
			);
			runOnlyForDeploymentPostprocessing = 0;
		};
/* End PBXSourcesBuildPhase section */

/* Begin PBXTargetDependency section */
		E9F7573921313231006B10B4 /* PBXTargetDependency */ = {
			isa = PBXTargetDependency;
			target = E9F7571D21313231006B10B4 /* ToDoList */;
			targetProxy = E9F7573821313231006B10B4 /* PBXContainerItemProxy */;
		};
		E9F7574421313231006B10B4 /* PBXTargetDependency */ = {
			isa = PBXTargetDependency;
			target = E9F7571D21313231006B10B4 /* ToDoList */;
			targetProxy = E9F7574321313231006B10B4 /* PBXContainerItemProxy */;
		};
/* End PBXTargetDependency section */

/* Begin PBXVariantGroup section */
		E9F7572A21313231006B10B4 /* Main.storyboard */ = {
			isa = PBXVariantGroup;
			children = (
				E9F7572B21313231006B10B4 /* Base */,
			);
			name = Main.storyboard;
			sourceTree = "<group>";
		};
		E9F7572F21313231006B10B4 /* LaunchScreen.storyboard */ = {
			isa = PBXVariantGroup;
			children = (
				E9F7573021313231006B10B4 /* Base */,
			);
			name = LaunchScreen.storyboard;
			sourceTree = "<group>";
		};
/* End PBXVariantGroup section */

/* Begin XCBuildConfiguration section */
		E9F7574921313231006B10B4 /* Debug */ = {
			isa = XCBuildConfiguration;
			buildSettings = {
				ALWAYS_SEARCH_USER_PATHS = NO;
				CLANG_ANALYZER_NONNULL = YES;
				CLANG_ANALYZER_NUMBER_OBJECT_CONVERSION = YES_AGGRESSIVE;
				CLANG_CXX_LANGUAGE_STANDARD = "gnu++0x";
				CLANG_CXX_LIBRARY = "libc++";
				CLANG_ENABLE_MODULES = YES;
				CLANG_ENABLE_OBJC_ARC = YES;
				CLANG_WARN_BOOL_CONVERSION = YES;
				CLANG_WARN_CONSTANT_CONVERSION = YES;
				CLANG_WARN_DIRECT_OBJC_ISA_USAGE = YES_ERROR;
				CLANG_WARN_DOCUMENTATION_COMMENTS = YES;
				CLANG_WARN_EMPTY_BODY = YES;
				CLANG_WARN_ENUM_CONVERSION = YES;
				CLANG_WARN_INFINITE_RECURSION = YES;
				CLANG_WARN_INT_CONVERSION = YES;
				CLANG_WARN_OBJC_ROOT_CLASS = YES_ERROR;
				CLANG_WARN_SUSPICIOUS_MOVE = YES;
				CLANG_WARN_UNREACHABLE_CODE = YES;
				CLANG_WARN__DUPLICATE_METHOD_MATCH = YES;
				"CODE_SIGN_IDENTITY[sdk=iphoneos*]" = "iPhone Developer";
				COPY_PHASE_STRIP = NO;
				DEBUG_INFORMATION_FORMAT = dwarf;
				ENABLE_STRICT_OBJC_MSGSEND = YES;
				ENABLE_TESTABILITY = YES;
				GCC_C_LANGUAGE_STANDARD = gnu99;
				GCC_DYNAMIC_NO_PIC = NO;
				GCC_NO_COMMON_BLOCKS = YES;
				GCC_OPTIMIZATION_LEVEL = 0;
				GCC_PREPROCESSOR_DEFINITIONS = (
					"DEBUG=1",
					"$(inherited)",
				);
				GCC_WARN_64_TO_32_BIT_CONVERSION = YES;
				GCC_WARN_ABOUT_RETURN_TYPE = YES_ERROR;
				GCC_WARN_UNDECLARED_SELECTOR = YES;
				GCC_WARN_UNINITIALIZED_AUTOS = YES_AGGRESSIVE;
				GCC_WARN_UNUSED_FUNCTION = YES;
				GCC_WARN_UNUSED_VARIABLE = YES;
				IPHONEOS_DEPLOYMENT_TARGET = 10.3;
				MTL_ENABLE_DEBUG_INFO = YES;
				ONLY_ACTIVE_ARCH = YES;
				SDKROOT = iphoneos;
				TARGETED_DEVICE_FAMILY = "1,2";
			};
			name = Debug;
		};
		E9F7574A21313231006B10B4 /* Release */ = {
			isa = XCBuildConfiguration;
			buildSettings = {
				ALWAYS_SEARCH_USER_PATHS = NO;
				CLANG_ANALYZER_NONNULL = YES;
				CLANG_ANALYZER_NUMBER_OBJECT_CONVERSION = YES_AGGRESSIVE;
				CLANG_CXX_LANGUAGE_STANDARD = "gnu++0x";
				CLANG_CXX_LIBRARY = "libc++";
				CLANG_ENABLE_MODULES = YES;
				CLANG_ENABLE_OBJC_ARC = YES;
				CLANG_WARN_BOOL_CONVERSION = YES;
				CLANG_WARN_CONSTANT_CONVERSION = YES;
				CLANG_WARN_DIRECT_OBJC_ISA_USAGE = YES_ERROR;
				CLANG_WARN_DOCUMENTATION_COMMENTS = YES;
				CLANG_WARN_EMPTY_BODY = YES;
				CLANG_WARN_ENUM_CONVERSION = YES;
				CLANG_WARN_INFINITE_RECURSION = YES;
				CLANG_WARN_INT_CONVERSION = YES;
				CLANG_WARN_OBJC_ROOT_CLASS = YES_ERROR;
				CLANG_WARN_SUSPICIOUS_MOVE = YES;
				CLANG_WARN_UNREACHABLE_CODE = YES;
				CLANG_WARN__DUPLICATE_METHOD_MATCH = YES;
				"CODE_SIGN_IDENTITY[sdk=iphoneos*]" = "iPhone Developer";
				COPY_PHASE_STRIP = NO;
				DEBUG_INFORMATION_FORMAT = "dwarf-with-dsym";
				ENABLE_NS_ASSERTIONS = NO;
				ENABLE_STRICT_OBJC_MSGSEND = YES;
				GCC_C_LANGUAGE_STANDARD = gnu99;
				GCC_NO_COMMON_BLOCKS = YES;
				GCC_WARN_64_TO_32_BIT_CONVERSION = YES;
				GCC_WARN_ABOUT_RETURN_TYPE = YES_ERROR;
				GCC_WARN_UNDECLARED_SELECTOR = YES;
				GCC_WARN_UNINITIALIZED_AUTOS = YES_AGGRESSIVE;
				GCC_WARN_UNUSED_FUNCTION = YES;
				GCC_WARN_UNUSED_VARIABLE = YES;
				IPHONEOS_DEPLOYMENT_TARGET = 10.3;
				MTL_ENABLE_DEBUG_INFO = NO;
				SDKROOT = iphoneos;
				TARGETED_DEVICE_FAMILY = "1,2";
				VALIDATE_PRODUCT = YES;
			};
			name = Release;
		};
		E9F7574C21313231006B10B4 /* Debug */ = {
			isa = XCBuildConfiguration;
			baseConfigurationReference = E838FF2179DBC6E5E5FF523B /* Pods-ToDoList.debug.xcconfig */;
			buildSettings = {
				ASSETCATALOG_COMPILER_APPICON_NAME = AppIcon;
				ASSETCATALOG_COMPILER_LAUNCHIMAGE_NAME = LaunchImage;
				DEVELOPMENT_TEAM = WJF23T289X;
				INFOPLIST_FILE = ToDoList/Info.plist;
				LD_RUNPATH_SEARCH_PATHS = "$(inherited) @executable_path/Frameworks";
				PRODUCT_BUNDLE_IDENTIFIER = ait.ToDoList;
				PRODUCT_NAME = "$(TARGET_NAME)";
				TARGETED_DEVICE_FAMILY = 1;
			};
			name = Debug;
		};
		E9F7574D21313231006B10B4 /* Release */ = {
			isa = XCBuildConfiguration;
			baseConfigurationReference = 7B16944BDC542898E55FD769 /* Pods-ToDoList.release.xcconfig */;
			buildSettings = {
				ASSETCATALOG_COMPILER_APPICON_NAME = AppIcon;
				ASSETCATALOG_COMPILER_LAUNCHIMAGE_NAME = LaunchImage;
				DEVELOPMENT_TEAM = WJF23T289X;
				INFOPLIST_FILE = ToDoList/Info.plist;
				LD_RUNPATH_SEARCH_PATHS = "$(inherited) @executable_path/Frameworks";
				PRODUCT_BUNDLE_IDENTIFIER = ait.ToDoList;
				PRODUCT_NAME = "$(TARGET_NAME)";
				TARGETED_DEVICE_FAMILY = 1;
			};
			name = Release;
		};
		E9F7574F21313231006B10B4 /* Debug */ = {
			isa = XCBuildConfiguration;
			baseConfigurationReference = C207574D6A39D1FDAA5F5442 /* Pods-ToDoListTests.debug.xcconfig */;
			buildSettings = {
				BUNDLE_LOADER = "$(TEST_HOST)";
				DEVELOPMENT_TEAM = WJF23T289X;
				INFOPLIST_FILE = ToDoListTests/Info.plist;
				LD_RUNPATH_SEARCH_PATHS = "$(inherited) @executable_path/Frameworks @loader_path/Frameworks";
				PRODUCT_BUNDLE_IDENTIFIER = ait.ToDoListTests;
				PRODUCT_NAME = "$(TARGET_NAME)";
				TEST_HOST = "$(BUILT_PRODUCTS_DIR)/ToDoList.app/ToDoList";
			};
			name = Debug;
		};
		E9F7575021313231006B10B4 /* Release */ = {
			isa = XCBuildConfiguration;
			baseConfigurationReference = 8474027A07469CEA83490A97 /* Pods-ToDoListTests.release.xcconfig */;
			buildSettings = {
				BUNDLE_LOADER = "$(TEST_HOST)";
				DEVELOPMENT_TEAM = WJF23T289X;
				INFOPLIST_FILE = ToDoListTests/Info.plist;
				LD_RUNPATH_SEARCH_PATHS = "$(inherited) @executable_path/Frameworks @loader_path/Frameworks";
				PRODUCT_BUNDLE_IDENTIFIER = ait.ToDoListTests;
				PRODUCT_NAME = "$(TARGET_NAME)";
				TEST_HOST = "$(BUILT_PRODUCTS_DIR)/ToDoList.app/ToDoList";
			};
			name = Release;
		};
		E9F7575221313231006B10B4 /* Debug */ = {
			isa = XCBuildConfiguration;
			baseConfigurationReference = 154E08F726C9548F7A11F3D9 /* Pods-ToDoListUITests.debug.xcconfig */;
			buildSettings = {
				DEVELOPMENT_TEAM = WJF23T289X;
				INFOPLIST_FILE = ToDoListUITests/Info.plist;
				LD_RUNPATH_SEARCH_PATHS = "$(inherited) @executable_path/Frameworks @loader_path/Frameworks";
				PRODUCT_BUNDLE_IDENTIFIER = ait.ToDoListUITests;
				PRODUCT_NAME = "$(TARGET_NAME)";
				TEST_TARGET_NAME = ToDoList;
			};
			name = Debug;
		};
		E9F7575321313231006B10B4 /* Release */ = {
			isa = XCBuildConfiguration;
			baseConfigurationReference = 76FC0F0ED6BE142298981D6D /* Pods-ToDoListUITests.release.xcconfig */;
			buildSettings = {
				DEVELOPMENT_TEAM = WJF23T289X;
				INFOPLIST_FILE = ToDoListUITests/Info.plist;
				LD_RUNPATH_SEARCH_PATHS = "$(inherited) @executable_path/Frameworks @loader_path/Frameworks";
				PRODUCT_BUNDLE_IDENTIFIER = ait.ToDoListUITests;
				PRODUCT_NAME = "$(TARGET_NAME)";
				TEST_TARGET_NAME = ToDoList;
			};
			name = Release;
		};
/* End XCBuildConfiguration section */

/* Begin XCConfigurationList section */
		E9F7571921313231006B10B4 /* Build configuration list for PBXProject "ToDoList" */ = {
			isa = XCConfigurationList;
			buildConfigurations = (
				E9F7574921313231006B10B4 /* Debug */,
				E9F7574A21313231006B10B4 /* Release */,
			);
			defaultConfigurationIsVisible = 0;
			defaultConfigurationName = Release;
		};
		E9F7574B21313231006B10B4 /* Build configuration list for PBXNativeTarget "ToDoList" */ = {
			isa = XCConfigurationList;
			buildConfigurations = (
				E9F7574C21313231006B10B4 /* Debug */,
				E9F7574D21313231006B10B4 /* Release */,
			);
			defaultConfigurationIsVisible = 0;
			defaultConfigurationName = Release;
		};
		E9F7574E21313231006B10B4 /* Build configuration list for PBXNativeTarget "ToDoListTests" */ = {
			isa = XCConfigurationList;
			buildConfigurations = (
				E9F7574F21313231006B10B4 /* Debug */,
				E9F7575021313231006B10B4 /* Release */,
			);
			defaultConfigurationIsVisible = 0;
			defaultConfigurationName = Release;
		};
		E9F7575121313231006B10B4 /* Build configuration list for PBXNativeTarget "ToDoListUITests" */ = {
			isa = XCConfigurationList;
			buildConfigurations = (
				E9F7575221313231006B10B4 /* Debug */,
				E9F7575321313231006B10B4 /* Release */,
			);
			defaultConfigurationIsVisible = 0;
			defaultConfigurationName = Release;
		};
/* End XCConfigurationList section */
	};
	rootObject = E9F7571621313231006B10B4 /* Project object */;
}
